// !$*UTF8*$!
{
	archiveVersion = 1;
	classes = {
	};
	objectVersion = 46;
	objects = {

/* Begin PBXBuildFile section */
		E6D67BFF190CC6F400069FEA /* Foundation.framework in Frameworks */ = {isa = PBXBuildFile; fileRef = E6D67BFE190CC6F400069FEA /* Foundation.framework */; };
		E6D67C01190CC6F400069FEA /* CoreGraphics.framework in Frameworks */ = {isa = PBXBuildFile; fileRef = E6D67C00190CC6F400069FEA /* CoreGraphics.framework */; };
		E6D67C03190CC6F400069FEA /* UIKit.framework in Frameworks */ = {isa = PBXBuildFile; fileRef = E6D67C02190CC6F400069FEA /* UIKit.framework */; };
		E6D67C09190CC6F400069FEA /* InfoPlist.strings in Resources */ = {isa = PBXBuildFile; fileRef = E6D67C07190CC6F400069FEA /* InfoPlist.strings */; };
		E6D67C0B190CC6F400069FEA /* main.m in Sources */ = {isa = PBXBuildFile; fileRef = E6D67C0A190CC6F400069FEA /* main.m */; };
		E6D67C0F190CC6F400069FEA /* AppDelegate.m in Sources */ = {isa = PBXBuildFile; fileRef = E6D67C0E190CC6F400069FEA /* AppDelegate.m */; };
		E6D67C12190CC6F400069FEA /* Main.storyboard in Resources */ = {isa = PBXBuildFile; fileRef = E6D67C10190CC6F400069FEA /* Main.storyboard */; };
		E6D67C17190CC6F400069FEA /* Images.xcassets in Resources */ = {isa = PBXBuildFile; fileRef = E6D67C16190CC6F400069FEA /* Images.xcassets */; };
		E6D67C1E190CC6F500069FEA /* XCTest.framework in Frameworks */ = {isa = PBXBuildFile; fileRef = E6D67C1D190CC6F500069FEA /* XCTest.framework */; };
		E6D67C1F190CC6F500069FEA /* Foundation.framework in Frameworks */ = {isa = PBXBuildFile; fileRef = E6D67BFE190CC6F400069FEA /* Foundation.framework */; };
		E6D67C20190CC6F500069FEA /* UIKit.framework in Frameworks */ = {isa = PBXBuildFile; fileRef = E6D67C02190CC6F400069FEA /* UIKit.framework */; };
		E6D67C28190CC6F500069FEA /* InfoPlist.strings in Resources */ = {isa = PBXBuildFile; fileRef = E6D67C26190CC6F500069FEA /* InfoPlist.strings */; };
		E6D67C2A190CC6F500069FEA /* BTU_Calc_Air_ConditionerTests.m in Sources */ = {isa = PBXBuildFile; fileRef = E6D67C29190CC6F500069FEA /* BTU_Calc_Air_ConditionerTests.m */; };
		E6D67C35190CC9EF00069FEA /* CalcTableViewController.m in Sources */ = {isa = PBXBuildFile; fileRef = E6D67C34190CC9EF00069FEA /* CalcTableViewController.m */; };
		E6D67C3A190CCBB600069FEA /* Localizable.strings in Resources */ = {isa = PBXBuildFile; fileRef = E6D67C3C190CCBB600069FEA /* Localizable.strings */; };
		E6D67C48190CDC3400069FEA /* NSString+Common.m in Sources */ = {isa = PBXBuildFile; fileRef = E6D67C47190CDC3400069FEA /* NSString+Common.m */; };
		E6D67C54190CE31100069FEA /* CoreData.framework in Frameworks */ = {isa = PBXBuildFile; fileRef = E6D67C53190CE31100069FEA /* CoreData.framework */; };
		E6D67C56190CE31700069FEA /* AdSupport.framework in Frameworks */ = {isa = PBXBuildFile; fileRef = E6D67C55190CE31700069FEA /* AdSupport.framework */; };
		E6D67C58190CE31F00069FEA /* SystemConfiguration.framework in Frameworks */ = {isa = PBXBuildFile; fileRef = E6D67C57190CE31F00069FEA /* SystemConfiguration.framework */; };
		E6D67C5F190CE52500069FEA /* libGoogleAnalyticsServices.a in Frameworks */ = {isa = PBXBuildFile; fileRef = E6D67C5E190CE52500069FEA /* libGoogleAnalyticsServices.a */; };
		E6D67C61190CE56100069FEA /* libz.dylib in Frameworks */ = {isa = PBXBuildFile; fileRef = E6D67C60190CE56100069FEA /* libz.dylib */; };
/* End PBXBuildFile section */

/* Begin PBXContainerItemProxy section */
		E6D67C21190CC6F500069FEA /* PBXContainerItemProxy */ = {
			isa = PBXContainerItemProxy;
			containerPortal = E6D67BF3190CC6F400069FEA /* Project object */;
			proxyType = 1;
			remoteGlobalIDString = E6D67BFA190CC6F400069FEA;
			remoteInfo = "BTU-Calc-Air-Conditioner";
		};
/* End PBXContainerItemProxy section */

/* Begin PBXFileReference section */
		E6D67BFB190CC6F400069FEA /* BTU-Calc-Air-Conditioner.app */ = {isa = PBXFileReference; explicitFileType = wrapper.application; includeInIndex = 0; path = "BTU-Calc-Air-Conditioner.app"; sourceTree = BUILT_PRODUCTS_DIR; };
		E6D67BFE190CC6F400069FEA /* Foundation.framework */ = {isa = PBXFileReference; lastKnownFileType = wrapper.framework; name = Foundation.framework; path = System/Library/Frameworks/Foundation.framework; sourceTree = SDKROOT; };
		E6D67C00190CC6F400069FEA /* CoreGraphics.framework */ = {isa = PBXFileReference; lastKnownFileType = wrapper.framework; name = CoreGraphics.framework; path = System/Library/Frameworks/CoreGraphics.framework; sourceTree = SDKROOT; };
		E6D67C02190CC6F400069FEA /* UIKit.framework */ = {isa = PBXFileReference; lastKnownFileType = wrapper.framework; name = UIKit.framework; path = System/Library/Frameworks/UIKit.framework; sourceTree = SDKROOT; };
		E6D67C06190CC6F400069FEA /* BTU-Calc-Air-Conditioner-Info.plist */ = {isa = PBXFileReference; lastKnownFileType = text.plist.xml; path = "BTU-Calc-Air-Conditioner-Info.plist"; sourceTree = "<group>"; };
		E6D67C08190CC6F400069FEA /* en */ = {isa = PBXFileReference; lastKnownFileType = text.plist.strings; name = en; path = en.lproj/InfoPlist.strings; sourceTree = "<group>"; };
		E6D67C0A190CC6F400069FEA /* main.m */ = {isa = PBXFileReference; lastKnownFileType = sourcecode.c.objc; path = main.m; sourceTree = "<group>"; };
		E6D67C0C190CC6F400069FEA /* BTU-Calc-Air-Conditioner-Prefix.pch */ = {isa = PBXFileReference; lastKnownFileType = sourcecode.c.h; path = "BTU-Calc-Air-Conditioner-Prefix.pch"; sourceTree = "<group>"; };
		E6D67C0D190CC6F400069FEA /* AppDelegate.h */ = {isa = PBXFileReference; lastKnownFileType = sourcecode.c.h; path = AppDelegate.h; sourceTree = "<group>"; };
		E6D67C0E190CC6F400069FEA /* AppDelegate.m */ = {isa = PBXFileReference; lastKnownFileType = sourcecode.c.objc; path = AppDelegate.m; sourceTree = "<group>"; };
		E6D67C11190CC6F400069FEA /* Base */ = {isa = PBXFileReference; lastKnownFileType = file.storyboard; name = Base; path = Base.lproj/Main.storyboard; sourceTree = "<group>"; };
		E6D67C16190CC6F400069FEA /* Images.xcassets */ = {isa = PBXFileReference; lastKnownFileType = folder.assetcatalog; path = Images.xcassets; sourceTree = "<group>"; };
		E6D67C1C190CC6F500069FEA /* BTU-Calc-Air-ConditionerTests.xctest */ = {isa = PBXFileReference; explicitFileType = wrapper.cfbundle; includeInIndex = 0; path = "BTU-Calc-Air-ConditionerTests.xctest"; sourceTree = BUILT_PRODUCTS_DIR; };
		E6D67C1D190CC6F500069FEA /* XCTest.framework */ = {isa = PBXFileReference; lastKnownFileType = wrapper.framework; name = XCTest.framework; path = Library/Frameworks/XCTest.framework; sourceTree = DEVELOPER_DIR; };
		E6D67C25190CC6F500069FEA /* BTU-Calc-Air-ConditionerTests-Info.plist */ = {isa = PBXFileReference; lastKnownFileType = text.plist.xml; path = "BTU-Calc-Air-ConditionerTests-Info.plist"; sourceTree = "<group>"; };
		E6D67C27190CC6F500069FEA /* en */ = {isa = PBXFileReference; lastKnownFileType = text.plist.strings; name = en; path = en.lproj/InfoPlist.strings; sourceTree = "<group>"; };
		E6D67C29190CC6F500069FEA /* BTU_Calc_Air_ConditionerTests.m */ = {isa = PBXFileReference; lastKnownFileType = sourcecode.c.objc; path = BTU_Calc_Air_ConditionerTests.m; sourceTree = "<group>"; };
		E6D67C33190CC9EF00069FEA /* CalcTableViewController.h */ = {isa = PBXFileReference; fileEncoding = 4; lastKnownFileType = sourcecode.c.h; path = CalcTableViewController.h; sourceTree = "<group>"; };
		E6D67C34190CC9EF00069FEA /* CalcTableViewController.m */ = {isa = PBXFileReference; fileEncoding = 4; lastKnownFileType = sourcecode.c.objc; path = CalcTableViewController.m; sourceTree = "<group>"; };
		E6D67C39190CCBAC00069FEA /* pt */ = {isa = PBXFileReference; lastKnownFileType = text.plist.strings; name = pt; path = pt.lproj/Main.strings; sourceTree = "<group>"; };
		E6D67C3B190CCBB600069FEA /* Base */ = {isa = PBXFileReference; lastKnownFileType = text.plist.strings; name = Base; path = Base.lproj/Localizable.strings; sourceTree = "<group>"; };
		E6D67C3D190CCBC000069FEA /* en */ = {isa = PBXFileReference; lastKnownFileType = text.plist.strings; name = en; path = en.lproj/Localizable.strings; sourceTree = "<group>"; };
		E6D67C3E190CCBC200069FEA /* pt */ = {isa = PBXFileReference; lastKnownFileType = text.plist.strings; name = pt; path = pt.lproj/Localizable.strings; sourceTree = "<group>"; };
		E6D67C40190CCBC900069FEA /* en */ = {isa = PBXFileReference; lastKnownFileType = text.plist.strings; name = en; path = en.lproj/Main.strings; sourceTree = "<group>"; };
		E6D67C46190CDC3400069FEA /* NSString+Common.h */ = {isa = PBXFileReference; fileEncoding = 4; lastKnownFileType = sourcecode.c.h; path = "NSString+Common.h"; sourceTree = "<group>"; };
		E6D67C47190CDC3400069FEA /* NSString+Common.m */ = {isa = PBXFileReference; fileEncoding = 4; lastKnownFileType = sourcecode.c.objc; path = "NSString+Common.m"; sourceTree = "<group>"; };
		E6D67C49190CE2D200069FEA /* GAI.h */ = {isa = PBXFileReference; fileEncoding = 4; lastKnownFileType = sourcecode.c.h; path = GAI.h; sourceTree = "<group>"; };
		E6D67C4A190CE2D200069FEA /* GAIDictionaryBuilder.h */ = {isa = PBXFileReference; fileEncoding = 4; lastKnownFileType = sourcecode.c.h; path = GAIDictionaryBuilder.h; sourceTree = "<group>"; };
		E6D67C4B190CE2D200069FEA /* GAIFields.h */ = {isa = PBXFileReference; fileEncoding = 4; lastKnownFileType = sourcecode.c.h; path = GAIFields.h; sourceTree = "<group>"; };
		E6D67C4C190CE2D200069FEA /* GAILogger.h */ = {isa = PBXFileReference; fileEncoding = 4; lastKnownFileType = sourcecode.c.h; path = GAILogger.h; sourceTree = "<group>"; };
		E6D67C4D190CE2D200069FEA /* GAITrackedViewController.h */ = {isa = PBXFileReference; fileEncoding = 4; lastKnownFileType = sourcecode.c.h; path = GAITrackedViewController.h; sourceTree = "<group>"; };
		E6D67C4E190CE2D200069FEA /* GAITracker.h */ = {isa = PBXFileReference; fileEncoding = 4; lastKnownFileType = sourcecode.c.h; path = GAITracker.h; sourceTree = "<group>"; };
		E6D67C53190CE31100069FEA /* CoreData.framework */ = {isa = PBXFileReference; lastKnownFileType = wrapper.framework; name = CoreData.framework; path = System/Library/Frameworks/CoreData.framework; sourceTree = SDKROOT; };
		E6D67C55190CE31700069FEA /* AdSupport.framework */ = {isa = PBXFileReference; lastKnownFileType = wrapper.framework; name = AdSupport.framework; path = System/Library/Frameworks/AdSupport.framework; sourceTree = SDKROOT; };
		E6D67C57190CE31F00069FEA /* SystemConfiguration.framework */ = {isa = PBXFileReference; lastKnownFileType = wrapper.framework; name = SystemConfiguration.framework; path = System/Library/Frameworks/SystemConfiguration.framework; sourceTree = SDKROOT; };
		E6D67C5E190CE52500069FEA /* libGoogleAnalyticsServices.a */ = {isa = PBXFileReference; lastKnownFileType = archive.ar; path = libGoogleAnalyticsServices.a; sourceTree = "<group>"; };
		E6D67C60190CE56100069FEA /* libz.dylib */ = {isa = PBXFileReference; lastKnownFileType = "compiled.mach-o.dylib"; name = libz.dylib; path = usr/lib/libz.dylib; sourceTree = SDKROOT; };
/* End PBXFileReference section */

/* Begin PBXFrameworksBuildPhase section */
		E6D67BF8190CC6F400069FEA /* Frameworks */ = {
			isa = PBXFrameworksBuildPhase;
			buildActionMask = 2147483647;
			files = (
				E6D67C61190CE56100069FEA /* libz.dylib in Frameworks */,
				E6D67C58190CE31F00069FEA /* SystemConfiguration.framework in Frameworks */,
				E6D67C56190CE31700069FEA /* AdSupport.framework in Frameworks */,
				E6D67C54190CE31100069FEA /* CoreData.framework in Frameworks */,
				E6D67C5F190CE52500069FEA /* libGoogleAnalyticsServices.a in Frameworks */,
				E6D67C01190CC6F400069FEA /* CoreGraphics.framework in Frameworks */,
				E6D67C03190CC6F400069FEA /* UIKit.framework in Frameworks */,
				E6D67BFF190CC6F400069FEA /* Foundation.framework in Frameworks */,
			);
			runOnlyForDeploymentPostprocessing = 0;
		};
		E6D67C19190CC6F500069FEA /* Frameworks */ = {
			isa = PBXFrameworksBuildPhase;
			buildActionMask = 2147483647;
			files = (
				E6D67C1E190CC6F500069FEA /* XCTest.framework in Frameworks */,
				E6D67C20190CC6F500069FEA /* UIKit.framework in Frameworks */,
				E6D67C1F190CC6F500069FEA /* Foundation.framework in Frameworks */,
			);
			runOnlyForDeploymentPostprocessing = 0;
		};
/* End PBXFrameworksBuildPhase section */

/* Begin PBXGroup section */
		E6D67BF2190CC6F400069FEA = {
			isa = PBXGroup;
			children = (
				E6D67C04190CC6F400069FEA /* BTU-Calc-Air-Conditioner */,
				E6D67C23190CC6F500069FEA /* BTU-Calc-Air-ConditionerTests */,
				E6D67BFD190CC6F400069FEA /* Frameworks */,
				E6D67BFC190CC6F400069FEA /* Products */,
			);
			sourceTree = "<group>";
		};
		E6D67BFC190CC6F400069FEA /* Products */ = {
			isa = PBXGroup;
			children = (
				E6D67BFB190CC6F400069FEA /* BTU-Calc-Air-Conditioner.app */,
				E6D67C1C190CC6F500069FEA /* BTU-Calc-Air-ConditionerTests.xctest */,
			);
			name = Products;
			sourceTree = "<group>";
		};
		E6D67BFD190CC6F400069FEA /* Frameworks */ = {
			isa = PBXGroup;
			children = (
				E6D67C60190CE56100069FEA /* libz.dylib */,
				E6D67C57190CE31F00069FEA /* SystemConfiguration.framework */,
				E6D67C55190CE31700069FEA /* AdSupport.framework */,
				E6D67C53190CE31100069FEA /* CoreData.framework */,
				E6D67BFE190CC6F400069FEA /* Foundation.framework */,
				E6D67C00190CC6F400069FEA /* CoreGraphics.framework */,
				E6D67C02190CC6F400069FEA /* UIKit.framework */,
				E6D67C1D190CC6F500069FEA /* XCTest.framework */,
			);
			name = Frameworks;
			sourceTree = "<group>";
		};
		E6D67C04190CC6F400069FEA /* BTU-Calc-Air-Conditioner */ = {
			isa = PBXGroup;
			children = (
				E6D67C0D190CC6F400069FEA /* AppDelegate.h */,
				E6D67C0E190CC6F400069FEA /* AppDelegate.m */,
				E6D67C33190CC9EF00069FEA /* CalcTableViewController.h */,
				E6D67C34190CC9EF00069FEA /* CalcTableViewController.m */,
				E6D67C50190CE2E000069FEA /* NSString Common */,
				E6D67C4F190CE2D600069FEA /* GoogleAnalytics */,
				E6D67C10190CC6F400069FEA /* Main.storyboard */,
				E6D67C16190CC6F400069FEA /* Images.xcassets */,
				E6D67C05190CC6F400069FEA /* Supporting Files */,
			);
			path = "BTU-Calc-Air-Conditioner";
			sourceTree = "<group>";
		};
		E6D67C05190CC6F400069FEA /* Supporting Files */ = {
			isa = PBXGroup;
			children = (
				E6D67C06190CC6F400069FEA /* BTU-Calc-Air-Conditioner-Info.plist */,
				E6D67C07190CC6F400069FEA /* InfoPlist.strings */,
				E6D67C3C190CCBB600069FEA /* Localizable.strings */,
				E6D67C0A190CC6F400069FEA /* main.m */,
				E6D67C0C190CC6F400069FEA /* BTU-Calc-Air-Conditioner-Prefix.pch */,
			);
			name = "Supporting Files";
			sourceTree = "<group>";
		};
		E6D67C23190CC6F500069FEA /* BTU-Calc-Air-ConditionerTests */ = {
			isa = PBXGroup;
			children = (
				E6D67C29190CC6F500069FEA /* BTU_Calc_Air_ConditionerTests.m */,
				E6D67C24190CC6F500069FEA /* Supporting Files */,
			);
			path = "BTU-Calc-Air-ConditionerTests";
			sourceTree = "<group>";
		};
		E6D67C24190CC6F500069FEA /* Supporting Files */ = {
			isa = PBXGroup;
			children = (
				E6D67C25190CC6F500069FEA /* BTU-Calc-Air-ConditionerTests-Info.plist */,
				E6D67C26190CC6F500069FEA /* InfoPlist.strings */,
			);
			name = "Supporting Files";
			sourceTree = "<group>";
		};
		E6D67C4F190CE2D600069FEA /* GoogleAnalytics */ = {
			isa = PBXGroup;
			children = (
				E6D67C49190CE2D200069FEA /* GAI.h */,
				E6D67C4A190CE2D200069FEA /* GAIDictionaryBuilder.h */,
				E6D67C4B190CE2D200069FEA /* GAIFields.h */,
				E6D67C4C190CE2D200069FEA /* GAILogger.h */,
				E6D67C4D190CE2D200069FEA /* GAITrackedViewController.h */,
				E6D67C4E190CE2D200069FEA /* GAITracker.h */,
				E6D67C5E190CE52500069FEA /* libGoogleAnalyticsServices.a */,
			);
			name = GoogleAnalytics;
			sourceTree = "<group>";
		};
		E6D67C50190CE2E000069FEA /* NSString Common */ = {
			isa = PBXGroup;
			children = (
				E6D67C46190CDC3400069FEA /* NSString+Common.h */,
				E6D67C47190CDC3400069FEA /* NSString+Common.m */,
			);
			name = "NSString Common";
			sourceTree = "<group>";
		};
/* End PBXGroup section */

/* Begin PBXNativeTarget section */
		E6D67BFA190CC6F400069FEA /* BTU-Calc-Air-Conditioner */ = {
			isa = PBXNativeTarget;
			buildConfigurationList = E6D67C2D190CC6F500069FEA /* Build configuration list for PBXNativeTarget "BTU-Calc-Air-Conditioner" */;
			buildPhases = (
				E6D67BF7190CC6F400069FEA /* Sources */,
				E6D67BF8190CC6F400069FEA /* Frameworks */,
				E6D67BF9190CC6F400069FEA /* Resources */,
			);
			buildRules = (
			);
			dependencies = (
			);
			name = "BTU-Calc-Air-Conditioner";
			productName = "BTU-Calc-Air-Conditioner";
			productReference = E6D67BFB190CC6F400069FEA /* BTU-Calc-Air-Conditioner.app */;
			productType = "com.apple.product-type.application";
		};
		E6D67C1B190CC6F500069FEA /* BTU-Calc-Air-ConditionerTests */ = {
			isa = PBXNativeTarget;
			buildConfigurationList = E6D67C30190CC6F500069FEA /* Build configuration list for PBXNativeTarget "BTU-Calc-Air-ConditionerTests" */;
			buildPhases = (
				E6D67C18190CC6F500069FEA /* Sources */,
				E6D67C19190CC6F500069FEA /* Frameworks */,
				E6D67C1A190CC6F500069FEA /* Resources */,
			);
			buildRules = (
			);
			dependencies = (
				E6D67C22190CC6F500069FEA /* PBXTargetDependency */,
			);
			name = "BTU-Calc-Air-ConditionerTests";
			productName = "BTU-Calc-Air-ConditionerTests";
			productReference = E6D67C1C190CC6F500069FEA /* BTU-Calc-Air-ConditionerTests.xctest */;
			productType = "com.apple.product-type.bundle.unit-test";
		};
/* End PBXNativeTarget section */

/* Begin PBXProject section */
		E6D67BF3190CC6F400069FEA /* Project object */ = {
			isa = PBXProject;
			attributes = {
				LastUpgradeCheck = 0510;
				ORGANIZATIONNAME = Morbix;
				TargetAttributes = {
					E6D67BFA190CC6F400069FEA = {
						DevelopmentTeam = U4D7MD5WUL;
					};
					E6D67C1B190CC6F500069FEA = {
						TestTargetID = E6D67BFA190CC6F400069FEA;
					};
				};
			};
			buildConfigurationList = E6D67BF6190CC6F400069FEA /* Build configuration list for PBXProject "BTU-Calc-Air-Conditioner" */;
			compatibilityVersion = "Xcode 3.2";
			developmentRegion = English;
			hasScannedForEncodings = 0;
			knownRegions = (
				en,
				Base,
				pt,
			);
			mainGroup = E6D67BF2190CC6F400069FEA;
			productRefGroup = E6D67BFC190CC6F400069FEA /* Products */;
			projectDirPath = "";
			projectRoot = "";
			targets = (
				E6D67BFA190CC6F400069FEA /* BTU-Calc-Air-Conditioner */,
				E6D67C1B190CC6F500069FEA /* BTU-Calc-Air-ConditionerTests */,
			);
		};
/* End PBXProject section */

/* Begin PBXResourcesBuildPhase section */
		E6D67BF9190CC6F400069FEA /* Resources */ = {
			isa = PBXResourcesBuildPhase;
			buildActionMask = 2147483647;
			files = (
				E6D67C17190CC6F400069FEA /* Images.xcassets in Resources */,
				E6D67C3A190CCBB600069FEA /* Localizable.strings in Resources */,
				E6D67C09190CC6F400069FEA /* InfoPlist.strings in Resources */,
				E6D67C12190CC6F400069FEA /* Main.storyboard in Resources */,
			);
			runOnlyForDeploymentPostprocessing = 0;
		};
		E6D67C1A190CC6F500069FEA /* Resources */ = {
			isa = PBXResourcesBuildPhase;
			buildActionMask = 2147483647;
			files = (
				E6D67C28190CC6F500069FEA /* InfoPlist.strings in Resources */,
			);
			runOnlyForDeploymentPostprocessing = 0;
		};
/* End PBXResourcesBuildPhase section */

/* Begin PBXSourcesBuildPhase section */
		E6D67BF7190CC6F400069FEA /* Sources */ = {
			isa = PBXSourcesBuildPhase;
			buildActionMask = 2147483647;
			files = (
				E6D67C48190CDC3400069FEA /* NSString+Common.m in Sources */,
				E6D67C0F190CC6F400069FEA /* AppDelegate.m in Sources */,
				E6D67C0B190CC6F400069FEA /* main.m in Sources */,
				E6D67C35190CC9EF00069FEA /* CalcTableViewController.m in Sources */,
			);
			runOnlyForDeploymentPostprocessing = 0;
		};
		E6D67C18190CC6F500069FEA /* Sources */ = {
			isa = PBXSourcesBuildPhase;
			buildActionMask = 2147483647;
			files = (
				E6D67C2A190CC6F500069FEA /* BTU_Calc_Air_ConditionerTests.m in Sources */,
			);
			runOnlyForDeploymentPostprocessing = 0;
		};
/* End PBXSourcesBuildPhase section */

/* Begin PBXTargetDependency section */
		E6D67C22190CC6F500069FEA /* PBXTargetDependency */ = {
			isa = PBXTargetDependency;
			target = E6D67BFA190CC6F400069FEA /* BTU-Calc-Air-Conditioner */;
			targetProxy = E6D67C21190CC6F500069FEA /* PBXContainerItemProxy */;
		};
/* End PBXTargetDependency section */

/* Begin PBXVariantGroup section */
		E6D67C07190CC6F400069FEA /* InfoPlist.strings */ = {
			isa = PBXVariantGroup;
			children = (
				E6D67C08190CC6F400069FEA /* en */,
			);
			name = InfoPlist.strings;
			sourceTree = "<group>";
		};
		E6D67C10190CC6F400069FEA /* Main.storyboard */ = {
			isa = PBXVariantGroup;
			children = (
				E6D67C11190CC6F400069FEA /* Base */,
				E6D67C39190CCBAC00069FEA /* pt */,
				E6D67C40190CCBC900069FEA /* en */,
			);
			name = Main.storyboard;
			sourceTree = "<group>";
		};
		E6D67C26190CC6F500069FEA /* InfoPlist.strings */ = {
			isa = PBXVariantGroup;
			children = (
				E6D67C27190CC6F500069FEA /* en */,
			);
			name = InfoPlist.strings;
			sourceTree = "<group>";
		};
		E6D67C3C190CCBB600069FEA /* Localizable.strings */ = {
			isa = PBXVariantGroup;
			children = (
				E6D67C3B190CCBB600069FEA /* Base */,
				E6D67C3D190CCBC000069FEA /* en */,
				E6D67C3E190CCBC200069FEA /* pt */,
			);
			name = Localizable.strings;
			sourceTree = "<group>";
		};
/* End PBXVariantGroup section */

/* Begin XCBuildConfiguration section */
		E6D67C2B190CC6F500069FEA /* Debug */ = {
			isa = XCBuildConfiguration;
			buildSettings = {
				ALWAYS_SEARCH_USER_PATHS = NO;
				CLANG_CXX_LANGUAGE_STANDARD = "gnu++0x";
				CLANG_CXX_LIBRARY = "libc++";
				CLANG_ENABLE_MODULES = YES;
				CLANG_ENABLE_OBJC_ARC = YES;
				CLANG_WARN_BOOL_CONVERSION = YES;
				CLANG_WARN_CONSTANT_CONVERSION = YES;
				CLANG_WARN_DIRECT_OBJC_ISA_USAGE = YES_ERROR;
				CLANG_WARN_EMPTY_BODY = YES;
				CLANG_WARN_ENUM_CONVERSION = YES;
				CLANG_WARN_INT_CONVERSION = YES;
				CLANG_WARN_OBJC_ROOT_CLASS = YES_ERROR;
				CLANG_WARN__DUPLICATE_METHOD_MATCH = YES;
				"CODE_SIGN_IDENTITY[sdk=iphoneos*]" = "iPhone Developer";
				COPY_PHASE_STRIP = NO;
				GCC_C_LANGUAGE_STANDARD = gnu99;
				GCC_DYNAMIC_NO_PIC = NO;
				GCC_OPTIMIZATION_LEVEL = 0;
				GCC_PREPROCESSOR_DEFINITIONS = (
					"DEBUG=1",
					"$(inherited)",
				);
				GCC_SYMBOLS_PRIVATE_EXTERN = NO;
				GCC_WARN_64_TO_32_BIT_CONVERSION = YES;
				GCC_WARN_ABOUT_RETURN_TYPE = YES_ERROR;
				GCC_WARN_UNDECLARED_SELECTOR = YES;
				GCC_WARN_UNINITIALIZED_AUTOS = YES_AGGRESSIVE;
				GCC_WARN_UNUSED_FUNCTION = YES;
				GCC_WARN_UNUSED_VARIABLE = YES;
				IPHONEOS_DEPLOYMENT_TARGET = 7.1;
				ONLY_ACTIVE_ARCH = YES;
				SDKROOT = iphoneos;
			};
			name = Debug;
		};
		E6D67C2C190CC6F500069FEA /* Release */ = {
			isa = XCBuildConfiguration;
			buildSettings = {
				ALWAYS_SEARCH_USER_PATHS = NO;
				CLANG_CXX_LANGUAGE_STANDARD = "gnu++0x";
				CLANG_CXX_LIBRARY = "libc++";
				CLANG_ENABLE_MODULES = YES;
				CLANG_ENABLE_OBJC_ARC = YES;
				CLANG_WARN_BOOL_CONVERSION = YES;
				CLANG_WARN_CONSTANT_CONVERSION = YES;
				CLANG_WARN_DIRECT_OBJC_ISA_USAGE = YES_ERROR;
				CLANG_WARN_EMPTY_BODY = YES;
				CLANG_WARN_ENUM_CONVERSION = YES;
				CLANG_WARN_INT_CONVERSION = YES;
				CLANG_WARN_OBJC_ROOT_CLASS = YES_ERROR;
				CLANG_WARN__DUPLICATE_METHOD_MATCH = YES;
				"CODE_SIGN_IDENTITY[sdk=iphoneos*]" = "iPhone Developer";
				COPY_PHASE_STRIP = YES;
				ENABLE_NS_ASSERTIONS = NO;
				GCC_C_LANGUAGE_STANDARD = gnu99;
				GCC_WARN_64_TO_32_BIT_CONVERSION = YES;
				GCC_WARN_ABOUT_RETURN_TYPE = YES_ERROR;
				GCC_WARN_UNDECLARED_SELECTOR = YES;
				GCC_WARN_UNINITIALIZED_AUTOS = YES_AGGRESSIVE;
				GCC_WARN_UNUSED_FUNCTION = YES;
				GCC_WARN_UNUSED_VARIABLE = YES;
				IPHONEOS_DEPLOYMENT_TARGET = 7.1;
				SDKROOT = iphoneos;
				VALIDATE_PRODUCT = YES;
			};
			name = Release;
		};
		E6D67C2E190CC6F500069FEA /* Debug */ = {
			isa = XCBuildConfiguration;
			buildSettings = {
				ASSETCATALOG_COMPILER_APPICON_NAME = AppIcon;
				ASSETCATALOG_COMPILER_LAUNCHIMAGE_NAME = LaunchImage;
				CODE_SIGN_IDENTITY = "iPhone Developer";
				GCC_PRECOMPILE_PREFIX_HEADER = YES;
				GCC_PREFIX_HEADER = "BTU-Calc-Air-Conditioner/BTU-Calc-Air-Conditioner-Prefix.pch";
				INFOPLIST_FILE = "BTU-Calc-Air-Conditioner/BTU-Calc-Air-Conditioner-Info.plist";
				IPHONEOS_DEPLOYMENT_TARGET = 7.0;
				LIBRARY_SEARCH_PATHS = (
					"$(inherited)",
					"$(PROJECT_DIR)/BTU-Calc-Air-Conditioner",
				);
				PRODUCT_NAME = "$(TARGET_NAME)";
				PROVISIONING_PROFILE = "1F945E73-6394-4FF5-BFD1-281F6F3E277E";
				WRAPPER_EXTENSION = app;
			};
			name = Debug;
		};
		E6D67C2F190CC6F500069FEA /* Release */ = {
			isa = XCBuildConfiguration;
			buildSettings = {
				ASSETCATALOG_COMPILER_APPICON_NAME = AppIcon;
				ASSETCATALOG_COMPILER_LAUNCHIMAGE_NAME = LaunchImage;
				CODE_SIGN_IDENTITY = "iPhone Distribution";
				GCC_PRECOMPILE_PREFIX_HEADER = YES;
				GCC_PREFIX_HEADER = "BTU-Calc-Air-Conditioner/BTU-Calc-Air-Conditioner-Prefix.pch";
				INFOPLIST_FILE = "BTU-Calc-Air-Conditioner/BTU-Calc-Air-Conditioner-Info.plist";
				IPHONEOS_DEPLOYMENT_TARGET = 7.0;
				LIBRARY_SEARCH_PATHS = (
					"$(inherited)",
					"$(PROJECT_DIR)/BTU-Calc-Air-Conditioner",
				);
				PRODUCT_NAME = "$(TARGET_NAME)";
				PROVISIONING_PROFILE = "1F945E73-6394-4FF5-BFD1-281F6F3E277E";
				WRAPPER_EXTENSION = app;
			};
			name = Release;
		};
		E6D67C31190CC6F500069FEA /* Debug */ = {
			isa = XCBuildConfiguration;
			buildSettings = {
				BUNDLE_LOADER = "$(BUILT_PRODUCTS_DIR)/BTU-Calc-Air-Conditioner.app/BTU-Calc-Air-Conditioner";
				FRAMEWORK_SEARCH_PATHS = (
					"$(SDKROOT)/Developer/Library/Frameworks",
					"$(inherited)",
					"$(DEVELOPER_FRAMEWORKS_DIR)",
				);
				GCC_PRECOMPILE_PREFIX_HEADER = YES;
				GCC_PREFIX_HEADER = "BTU-Calc-Air-Conditioner/BTU-Calc-Air-Conditioner-Prefix.pch";
				GCC_PREPROCESSOR_DEFINITIONS = (
					"DEBUG=1",
					"$(inherited)",
				);
				INFOPLIST_FILE = "BTU-Calc-Air-ConditionerTests/BTU-Calc-Air-ConditionerTests-Info.plist";
				PRODUCT_NAME = "$(TARGET_NAME)";
				TEST_HOST = "$(BUNDLE_LOADER)";
				WRAPPER_EXTENSION = xctest;
			};
			name = Debug;
		};
		E6D67C32190CC6F500069FEA /* Release */ = {
			isa = XCBuildConfiguration;
			buildSettings = {
				BUNDLE_LOADER = "$(BUILT_PRODUCTS_DIR)/BTU-Calc-Air-Conditioner.app/BTU-Calc-Air-Conditioner";
				FRAMEWORK_SEARCH_PATHS = (
					"$(SDKROOT)/Developer/Library/Frameworks",
					"$(inherited)",
					"$(DEVELOPER_FRAMEWORKS_DIR)",
				);
				GCC_PRECOMPILE_PREFIX_HEADER = YES;
				GCC_PREFIX_HEADER = "BTU-Calc-Air-Conditioner/BTU-Calc-Air-Conditioner-Prefix.pch";
				INFOPLIST_FILE = "BTU-Calc-Air-ConditionerTests/BTU-Calc-Air-ConditionerTests-Info.plist";
				PRODUCT_NAME = "$(TARGET_NAME)";
				TEST_HOST = "$(BUNDLE_LOADER)";
				WRAPPER_EXTENSION = xctest;
			};
			name = Release;
		};
/* End XCBuildConfiguration section */

/* Begin XCConfigurationList section */
		E6D67BF6190CC6F400069FEA /* Build configuration list for PBXProject "BTU-Calc-Air-Conditioner" */ = {
			isa = XCConfigurationList;
			buildConfigurations = (
				E6D67C2B190CC6F500069FEA /* Debug */,
				E6D67C2C190CC6F500069FEA /* Release */,
			);
			defaultConfigurationIsVisible = 0;
			defaultConfigurationName = Release;
		};
		E6D67C2D190CC6F500069FEA /* Build configuration list for PBXNativeTarget "BTU-Calc-Air-Conditioner" */ = {
			isa = XCConfigurationList;
			buildConfigurations = (
				E6D67C2E190CC6F500069FEA /* Debug */,
				E6D67C2F190CC6F500069FEA /* Release */,
			);
			defaultConfigurationIsVisible = 0;
			defaultConfigurationName = Release;
		};
		E6D67C30190CC6F500069FEA /* Build configuration list for PBXNativeTarget "BTU-Calc-Air-ConditionerTests" */ = {
			isa = XCConfigurationList;
			buildConfigurations = (
				E6D67C31190CC6F500069FEA /* Debug */,
				E6D67C32190CC6F500069FEA /* Release */,
			);
			defaultConfigurationIsVisible = 0;
			defaultConfigurationName = Release;
		};
/* End XCConfigurationList section */
	};
	rootObject = E6D67BF3190CC6F400069FEA /* Project object */;
}
